{
  "version": 4,
  "terraform_version": "1.4.5",
  "serial": 33,
  "lineage": "e5fc20c2-c32b-9d8e-c587-6019e366026e",
  "outputs": {
    "jenkins_ip": {
      "value": "45.55.129.148",
      "type": "string"
    }
  },
  "resources": [
    {
      "mode": "data",
      "type": "digitalocean_ssh_key",
      "name": "ssh_key",
      "provider": "provider[\"registry.terraform.io/digitalocean/digitalocean\"]",
      "instances": [
        {
          "schema_version": 0,
          "attributes": {
            "fingerprint": "54:69:a8:be:e9:61:24:c4:b2:ee:25:8f:33:14:2e:bf",
            "id": 38060985,
            "name": "palenske-terraform",
            "public_key": "ssh-rsa AAAAB3NzaC1yc2EAAAADAQABAAABAQChfeB2/+YOX7oAwhU6kaaM62Qc7LA/a/ElOP1NR5B3vMzHvXY6qxslYvY2v6EsdOmF/ZCfs2zcLRMxe9aOBZaK/7oC3TGuZGPS7vtCBBPI1tBEz6zplGzm30qNeMrAYVWjvi1hQ/wcQ93pO9eCRxoX97gZlXgTNt38WRKW4H1o4o352VS/BfApSnfWCaVRE271DTpkBqBhvjlccS0AW6+H8XIOoCNxviORTB2f0kFbHTVJ48qWHM1++6sPhI0xsjUMp7dlvG+HDi/CEM0A1UPlrcuJli/kn1xOMogu178ZRlrYPZSkstmemtAOiiLpHzeBvTflh5M975IjSBloanLV palenske@palenske-desktop"
          },
          "sensitive_attributes": []
        }
      ]
    },
    {
      "mode": "managed",
      "type": "digitalocean_droplet",
      "name": "jenkins",
      "provider": "provider[\"registry.terraform.io/digitalocean/digitalocean\"]",
      "instances": [
        {
          "schema_version": 1,
          "attributes": {
            "backups": false,
            "created_at": "2023-04-17T01:03:38Z",
            "disk": 60,
            "droplet_agent": null,
            "graceful_shutdown": false,
            "id": "351041233",
            "image": "ubuntu-22-04-x64",
            "ipv4_address": "45.55.129.148",
            "ipv4_address_private": "10.108.0.2",
            "ipv6": false,
            "ipv6_address": "",
            "locked": false,
            "memory": 2048,
            "monitoring": false,
            "name": "jenkins-vm",
            "price_hourly": 0.02679,
            "price_monthly": 18,
            "private_networking": true,
            "region": "nyc3",
            "resize_disk": true,
            "size": "s-2vcpu-2gb",
            "ssh_keys": [
              "38060985"
            ],
            "status": "active",
            "tags": null,
            "timeouts": null,
            "urn": "do:droplet:351041233",
            "user_data": null,
            "vcpus": 2,
            "volume_ids": [],
            "vpc_uuid": "b5048b86-676f-43d1-bc84-f3cab43e66ee"
          },
          "sensitive_attributes": [],
          "private": "eyJlMmJmYjczMC1lY2FhLTExZTYtOGY4OC0zNDM2M2JjN2M0YzAiOnsiY3JlYXRlIjozNjAwMDAwMDAwMDAwLCJkZWxldGUiOjYwMDAwMDAwMDAwLCJ1cGRhdGUiOjM2MDAwMDAwMDAwMDB9LCJzY2hlbWFfdmVyc2lvbiI6IjEifQ==",
          "dependencies": [
            "data.digitalocean_ssh_key.ssh_key"
          ]
        }
      ]
    },
    {
      "mode": "managed",
      "type": "local_file",
      "name": "foo",
      "provider": "provider[\"registry.terraform.io/hashicorp/local\"]",
      "instances": []
    }
  ],
  "check_results": null
}
